
Microsoft Visual Studio Solution File, Format Version 12.00
# Visual Studio Version 17
VisualStudioVersion = 17.13.35919.96 d17.13
MinimumVisualStudioVersion = 10.0.40219.1
Project("{FAE04EC0-301F-11D3-BF4B-00C04F79EFBC}") = "ezvote", "ezvote.csproj", "{FA55441F-864F-4FD7-9281-23A3B751D004}"
EndProject
Global
	GlobalSection(SolutionConfigurationPlatforms) = preSolution
		Debug|Any CPU = Debug|Any CPU
		Release|Any CPU = Release|Any CPU
	EndGlobalSection
	GlobalSection(ProjectConfigurationPlatforms) = postSolution
		{FA55441F-864F-4FD7-9281-23A3B751D004}.Debug|Any CPU.ActiveCfg = Debug|Any CPU
		{FA55441F-864F-4FD7-9281-23A3B751D004}.Debug|Any CPU.Build.0 = Debug|Any CPU
		{FA55441F-864F-4FD7-9281-23A3B751D004}.Release|Any CPU.ActiveCfg = Release|Any CPU
		{FA55441F-864F-4FD7-9281-23A3B751D004}.Release|Any CPU.Build.0 = Release|Any CPU
	EndGlobalSection
	GlobalSection(SolutionProperties) = preSolution
		HideSolutionNode = FALSE
	EndGlobalSection
	GlobalSection(ExtensibilityGlobals) = postSolution
		SolutionGuid = {1266CE98-01D5-47D3-9EB9-3591758A5932}
	EndGlobalSection
EndGlobal
